
Microsoft Visual Studio Solution File, Format Version 12.00
# Visual Studio Version 17
VisualStudioVersion = 17.1.32210.238
MinimumVisualStudioVersion = 10.0.40219.1
Project("{9A19103F-16F7-4668-BE54-9A1E7A4F7556}") = "WETT", "WETT.csproj", "{EE86E9D5-4A69-49B3-85EE-4ACCC2B376F7}"
EndProject
Global
	GlobalSection(SolutionConfigurationPlatforms) = preSolution
		Debug|Any CPU = Debug|Any CPU
		Release|Any CPU = Release|Any CPU
	EndGlobalSection
	GlobalSection(ProjectConfigurationPlatforms) = postSolution
		{EE86E9D5-4A69-49B3-85EE-4ACCC2B376F7}.Debug|Any CPU.ActiveCfg = Debug|Any CPU
		{EE86E9D5-4A69-49B3-85EE-4ACCC2B376F7}.Debug|Any CPU.Build.0 = Debug|Any CPU
		{EE86E9D5-4A69-49B3-85EE-4ACCC2B376F7}.Release|Any CPU.ActiveCfg = Release|Any CPU
		{EE86E9D5-4A69-49B3-85EE-4ACCC2B376F7}.Release|Any CPU.Build.0 = Release|Any CPU
	EndGlobalSection
	GlobalSection(SolutionProperties) = preSolution
		HideSolutionNode = FALSE
	EndGlobalSection
	GlobalSection(ExtensibilityGlobals) = postSolution
		SolutionGuid = {6660C8B6-DDFD-431B-8C61-27CF16C4395B}
	EndGlobalSection
EndGlobal
